
Microsoft Visual Studio Solution File, Format Version 12.00
# Visual Studio Version 17
VisualStudioVersion = 17.1.32210.238
MinimumVisualStudioVersion = 10.0.40219.1
Project("{9A19103F-16F7-4668-BE54-9A1E7A4F7556}") = "MusicLibrary", "MusicLibrary.csproj", "{453FE8D6-6C3B-4AB9-B0A2-3DB888083A06}"
EndProject
Project("{9A19103F-16F7-4668-BE54-9A1E7A4F7556}") = "MusicLibrary.DataAccess", "..\MusicLibrary.DataAccess\MusicLibrary.DataAccess.csproj", "{F59C3062-1ACC-4DFD-8A84-54778F7258FE}"
EndProject
Project("{9A19103F-16F7-4668-BE54-9A1E7A4F7556}") = "MusicLibrary.Models", "..\MusicLibrary.Models\MusicLibrary.Models.csproj", "{E9B2FD55-D751-467C-9A63-1E0C5759E607}"
EndProject
Project("{9A19103F-16F7-4668-BE54-9A1E7A4F7556}") = "MusicLibrary.Utility", "..\MusicLibrary.Utility\MusicLibrary.Utility.csproj", "{BB78868D-D30B-49ED-B965-01C9A2AA5996}"
EndProject
Global
	GlobalSection(SolutionConfigurationPlatforms) = preSolution
		Debug|Any CPU = Debug|Any CPU
		Release|Any CPU = Release|Any CPU
	EndGlobalSection
	GlobalSection(ProjectConfigurationPlatforms) = postSolution
		{453FE8D6-6C3B-4AB9-B0A2-3DB888083A06}.Debug|Any CPU.ActiveCfg = Debug|Any CPU
		{453FE8D6-6C3B-4AB9-B0A2-3DB888083A06}.Debug|Any CPU.Build.0 = Debug|Any CPU
		{453FE8D6-6C3B-4AB9-B0A2-3DB888083A06}.Release|Any CPU.ActiveCfg = Release|Any CPU
		{453FE8D6-6C3B-4AB9-B0A2-3DB888083A06}.Release|Any CPU.Build.0 = Release|Any CPU
		{F59C3062-1ACC-4DFD-8A84-54778F7258FE}.Debug|Any CPU.ActiveCfg = Debug|Any CPU
		{F59C3062-1ACC-4DFD-8A84-54778F7258FE}.Debug|Any CPU.Build.0 = Debug|Any CPU
		{F59C3062-1ACC-4DFD-8A84-54778F7258FE}.Release|Any CPU.ActiveCfg = Release|Any CPU
		{F59C3062-1ACC-4DFD-8A84-54778F7258FE}.Release|Any CPU.Build.0 = Release|Any CPU
		{E9B2FD55-D751-467C-9A63-1E0C5759E607}.Debug|Any CPU.ActiveCfg = Debug|Any CPU
		{E9B2FD55-D751-467C-9A63-1E0C5759E607}.Debug|Any CPU.Build.0 = Debug|Any CPU
		{E9B2FD55-D751-467C-9A63-1E0C5759E607}.Release|Any CPU.ActiveCfg = Release|Any CPU
		{E9B2FD55-D751-467C-9A63-1E0C5759E607}.Release|Any CPU.Build.0 = Release|Any CPU
		{BB78868D-D30B-49ED-B965-01C9A2AA5996}.Debug|Any CPU.ActiveCfg = Debug|Any CPU
		{BB78868D-D30B-49ED-B965-01C9A2AA5996}.Debug|Any CPU.Build.0 = Debug|Any CPU
		{BB78868D-D30B-49ED-B965-01C9A2AA5996}.Release|Any CPU.ActiveCfg = Release|Any CPU
		{BB78868D-D30B-49ED-B965-01C9A2AA5996}.Release|Any CPU.Build.0 = Release|Any CPU
	EndGlobalSection
	GlobalSection(SolutionProperties) = preSolution
		HideSolutionNode = FALSE
	EndGlobalSection
	GlobalSection(ExtensibilityGlobals) = postSolution
		SolutionGuid = {A7385EF1-3378-4B2D-8A32-66FD01EEC910}
	EndGlobalSection
EndGlobal
